
Microsoft Visual Studio Solution File, Format Version 12.00
# Visual Studio 2012
Project("{FAE04EC0-301F-11D3-BF4B-00C04F79EFBC}") = "Cards.Tests", "src\Cards.Tests\Cards.Tests.csproj", "{6CE25AD2-A5A0-4B92-BF18-759C99820843}"
EndProject
Project("{FAE04EC0-301F-11D3-BF4B-00C04F79EFBC}") = "Cards.Core", "src\Cards.Core\Cards.Core.csproj", "{74FC73DC-A614-4946-95CC-991E22934316}"
EndProject
Project("{FAE04EC0-301F-11D3-BF4B-00C04F79EFBC}") = "Cards.Web", "src\Cards.Web\Cards.Web.csproj", "{31CEF0D1-7467-4384-9003-FE872131CCAC}"
EndProject
Project("{2150E333-8FDC-42A3-9474-1A3956D46DE8}") = ".nuget", ".nuget", "{82ED174A-6204-4BC5-9EF5-6B7ABFFBE1F2}"
	ProjectSection(SolutionItems) = preProject
		.nuget\NuGet.Config = .nuget\NuGet.Config
		.nuget\NuGet.exe = .nuget\NuGet.exe
		.nuget\NuGet.targets = .nuget\NuGet.targets
	EndProjectSection
EndProject
Project("{FAE04EC0-301F-11D3-BF4B-00C04F79EFBC}") = "Cards.Extensions.SSO", "src\Cards.Extensions.SSO\Cards.Extensions.SSO.csproj", "{250B049D-06CC-4005-BC3D-88F3F7C7809D}"
EndProject
Global
	GlobalSection(SolutionConfigurationPlatforms) = preSolution
		Debug|Any CPU = Debug|Any CPU
		Release|Any CPU = Release|Any CPU
	EndGlobalSection
	GlobalSection(ProjectConfigurationPlatforms) = postSolution
		{6CE25AD2-A5A0-4B92-BF18-759C99820843}.Debug|Any CPU.ActiveCfg = Debug|Any CPU
		{6CE25AD2-A5A0-4B92-BF18-759C99820843}.Debug|Any CPU.Build.0 = Debug|Any CPU
		{6CE25AD2-A5A0-4B92-BF18-759C99820843}.Release|Any CPU.ActiveCfg = Release|Any CPU
		{6CE25AD2-A5A0-4B92-BF18-759C99820843}.Release|Any CPU.Build.0 = Release|Any CPU
		{74FC73DC-A614-4946-95CC-991E22934316}.Debug|Any CPU.ActiveCfg = Debug|Any CPU
		{74FC73DC-A614-4946-95CC-991E22934316}.Debug|Any CPU.Build.0 = Debug|Any CPU
		{74FC73DC-A614-4946-95CC-991E22934316}.Release|Any CPU.ActiveCfg = Release|Any CPU
		{74FC73DC-A614-4946-95CC-991E22934316}.Release|Any CPU.Build.0 = Release|Any CPU
		{31CEF0D1-7467-4384-9003-FE872131CCAC}.Debug|Any CPU.ActiveCfg = Debug|Any CPU
		{31CEF0D1-7467-4384-9003-FE872131CCAC}.Debug|Any CPU.Build.0 = Debug|Any CPU
		{31CEF0D1-7467-4384-9003-FE872131CCAC}.Release|Any CPU.ActiveCfg = Release|Any CPU
		{31CEF0D1-7467-4384-9003-FE872131CCAC}.Release|Any CPU.Build.0 = Release|Any CPU
		{250B049D-06CC-4005-BC3D-88F3F7C7809D}.Debug|Any CPU.ActiveCfg = Debug|Any CPU
		{250B049D-06CC-4005-BC3D-88F3F7C7809D}.Debug|Any CPU.Build.0 = Debug|Any CPU
		{250B049D-06CC-4005-BC3D-88F3F7C7809D}.Release|Any CPU.ActiveCfg = Release|Any CPU
		{250B049D-06CC-4005-BC3D-88F3F7C7809D}.Release|Any CPU.Build.0 = Release|Any CPU
	EndGlobalSection
	GlobalSection(SolutionProperties) = preSolution
		HideSolutionNode = FALSE
	EndGlobalSection
EndGlobal
